
Microsoft Visual Studio Solution File, Format Version 12.00
# Visual Studio Version 17
VisualStudioVersion = 17.0.31919.166
MinimumVisualStudioVersion = 10.0.40219.1
Project("{9A19103F-16F7-4668-BE54-9A1E7A4F7556}") = "uTinyRipperCore", "uTinyRipperCore\uTinyRipperCore.csproj", "{CA9420F4-4B54-4727-91E6-CCE20916D795}"
EndProject
Project("{2150E333-8FDC-42A3-9474-1A3956D46DE8}") = "Solution Items", "Solution Items", "{825F97E7-5A2D-4D93-81AD-292F54FE2AC7}"
	ProjectSection(SolutionItems) = preProject
		.editorconfig = .editorconfig
	EndProjectSection
EndProject
Project("{9A19103F-16F7-4668-BE54-9A1E7A4F7556}") = "FixShader", "FixShader\FixShader.csproj", "{97710331-4B4C-4636-93B4-687B5B12CA20}"
EndProject
Global
	GlobalSection(SolutionConfigurationPlatforms) = preSolution
		Debug|Any CPU = Debug|Any CPU
		Debug|x64 = Debug|x64
		Debug|x86 = Debug|x86
		Release|Any CPU = Release|Any CPU
		Release|x64 = Release|x64
		Release|x86 = Release|x86
		Virtual|Any CPU = Virtual|Any CPU
		Virtual|x64 = Virtual|x64
		Virtual|x86 = Virtual|x86
	EndGlobalSection
	GlobalSection(ProjectConfigurationPlatforms) = postSolution
		{CA9420F4-4B54-4727-91E6-CCE20916D795}.Debug|Any CPU.ActiveCfg = Debug|Any CPU
		{CA9420F4-4B54-4727-91E6-CCE20916D795}.Debug|Any CPU.Build.0 = Debug|Any CPU
		{CA9420F4-4B54-4727-91E6-CCE20916D795}.Debug|x64.ActiveCfg = Debug|Any CPU
		{CA9420F4-4B54-4727-91E6-CCE20916D795}.Debug|x64.Build.0 = Debug|Any CPU
		{CA9420F4-4B54-4727-91E6-CCE20916D795}.Debug|x86.ActiveCfg = Debug|Any CPU
		{CA9420F4-4B54-4727-91E6-CCE20916D795}.Debug|x86.Build.0 = Debug|Any CPU
		{CA9420F4-4B54-4727-91E6-CCE20916D795}.Release|Any CPU.ActiveCfg = Release|Any CPU
		{CA9420F4-4B54-4727-91E6-CCE20916D795}.Release|Any CPU.Build.0 = Release|Any CPU
		{CA9420F4-4B54-4727-91E6-CCE20916D795}.Release|x64.ActiveCfg = Release|Any CPU
		{CA9420F4-4B54-4727-91E6-CCE20916D795}.Release|x64.Build.0 = Release|Any CPU
		{CA9420F4-4B54-4727-91E6-CCE20916D795}.Release|x86.ActiveCfg = Release|Any CPU
		{CA9420F4-4B54-4727-91E6-CCE20916D795}.Release|x86.Build.0 = Release|Any CPU
		{CA9420F4-4B54-4727-91E6-CCE20916D795}.Virtual|Any CPU.ActiveCfg = Virtual|Any CPU
		{CA9420F4-4B54-4727-91E6-CCE20916D795}.Virtual|Any CPU.Build.0 = Virtual|Any CPU
		{CA9420F4-4B54-4727-91E6-CCE20916D795}.Virtual|x64.ActiveCfg = Virtual|Any CPU
		{CA9420F4-4B54-4727-91E6-CCE20916D795}.Virtual|x64.Build.0 = Virtual|Any CPU
		{CA9420F4-4B54-4727-91E6-CCE20916D795}.Virtual|x86.ActiveCfg = Debug|Any CPU
		{CA9420F4-4B54-4727-91E6-CCE20916D795}.Virtual|x86.Build.0 = Debug|Any CPU
		{97710331-4B4C-4636-93B4-687B5B12CA20}.Debug|Any CPU.ActiveCfg = Debug|Any CPU
		{97710331-4B4C-4636-93B4-687B5B12CA20}.Debug|Any CPU.Build.0 = Debug|Any CPU
		{97710331-4B4C-4636-93B4-687B5B12CA20}.Debug|x64.ActiveCfg = Debug|Any CPU
		{97710331-4B4C-4636-93B4-687B5B12CA20}.Debug|x64.Build.0 = Debug|Any CPU
		{97710331-4B4C-4636-93B4-687B5B12CA20}.Debug|x86.ActiveCfg = Debug|Any CPU
		{97710331-4B4C-4636-93B4-687B5B12CA20}.Debug|x86.Build.0 = Debug|Any CPU
		{97710331-4B4C-4636-93B4-687B5B12CA20}.Release|Any CPU.ActiveCfg = Release|Any CPU
		{97710331-4B4C-4636-93B4-687B5B12CA20}.Release|Any CPU.Build.0 = Release|Any CPU
		{97710331-4B4C-4636-93B4-687B5B12CA20}.Release|x64.ActiveCfg = Release|Any CPU
		{97710331-4B4C-4636-93B4-687B5B12CA20}.Release|x64.Build.0 = Release|Any CPU
		{97710331-4B4C-4636-93B4-687B5B12CA20}.Release|x86.ActiveCfg = Release|Any CPU
		{97710331-4B4C-4636-93B4-687B5B12CA20}.Release|x86.Build.0 = Release|Any CPU
		{97710331-4B4C-4636-93B4-687B5B12CA20}.Virtual|Any CPU.ActiveCfg = Debug|Any CPU
		{97710331-4B4C-4636-93B4-687B5B12CA20}.Virtual|Any CPU.Build.0 = Debug|Any CPU
		{97710331-4B4C-4636-93B4-687B5B12CA20}.Virtual|x64.ActiveCfg = Debug|Any CPU
		{97710331-4B4C-4636-93B4-687B5B12CA20}.Virtual|x64.Build.0 = Debug|Any CPU
		{97710331-4B4C-4636-93B4-687B5B12CA20}.Virtual|x86.ActiveCfg = Debug|Any CPU
		{97710331-4B4C-4636-93B4-687B5B12CA20}.Virtual|x86.Build.0 = Debug|Any CPU
	EndGlobalSection
	GlobalSection(SolutionProperties) = preSolution
		HideSolutionNode = FALSE
	EndGlobalSection
	GlobalSection(ExtensibilityGlobals) = postSolution
		SolutionGuid = {ED4FF66B-4A6D-4440-8721-23C5ED09791C}
	EndGlobalSection
EndGlobal
